
Microsoft Visual Studio Solution File, Format Version 12.00
# Visual Studio Version 17
VisualStudioVersion = 17.2.32630.192
MinimumVisualStudioVersion = 10.0.40219.1
Project("{FAE04EC0-301F-11D3-BF4B-00C04F79EFBC}") = "ASMPTool", "ASMPTool\ASMPTool.csproj", "{1691F788-83BE-482B-8166-6A00B0F524E5}"
	ProjectSection(ProjectDependencies) = postProject
		{0B9BE708-4F7A-452D-99CB-C5DB692AFA21} = {0B9BE708-4F7A-452D-99CB-C5DB692AFA21}
		{B1348EBB-8C85-4146-BFFB-2689FE50C9A3} = {B1348EBB-8C85-4146-BFFB-2689FE50C9A3}
	EndProjectSection
EndProject
Project("{FAE04EC0-301F-11D3-BF4B-00C04F79EFBC}") = "ASMPTool.BLL", "ASMPTool.BLL\ASMPTool.BLL.csproj", "{7217CDEC-296C-4EAB-BB1A-D726DA0014C6}"
	ProjectSection(ProjectDependencies) = postProject
		{0B9BE708-4F7A-452D-99CB-C5DB692AFA21} = {0B9BE708-4F7A-452D-99CB-C5DB692AFA21}
		{452DEA03-AED2-4D81-804E-50F8DC26A580} = {452DEA03-AED2-4D81-804E-50F8DC26A580}
	EndProjectSection
EndProject
Project("{FAE04EC0-301F-11D3-BF4B-00C04F79EFBC}") = "ASMPTool.DAL", "ASMPTool.DAL\ASMPTool.DAL.csproj", "{452DEA03-AED2-4D81-804E-50F8DC26A580}"
	ProjectSection(ProjectDependencies) = postProject
		{0B9BE708-4F7A-452D-99CB-C5DB692AFA21} = {0B9BE708-4F7A-452D-99CB-C5DB692AFA21}
	EndProjectSection
EndProject
Project("{FAE04EC0-301F-11D3-BF4B-00C04F79EFBC}") = "ASMPTool.Model", "ASMPTool.Model\ASMPTool.Model.csproj", "{0B9BE708-4F7A-452D-99CB-C5DB692AFA21}"
EndProject
Project("{FAE04EC0-301F-11D3-BF4B-00C04F79EFBC}") = "ASMP.ViewModel", "ASMP.ViewModel\ASMP.ViewModel.csproj", "{B1348EBB-8C85-4146-BFFB-2689FE50C9A3}"
	ProjectSection(ProjectDependencies) = postProject
		{0B9BE708-4F7A-452D-99CB-C5DB692AFA21} = {0B9BE708-4F7A-452D-99CB-C5DB692AFA21}
		{7217CDEC-296C-4EAB-BB1A-D726DA0014C6} = {7217CDEC-296C-4EAB-BB1A-D726DA0014C6}
		{8B4AD9D3-30AA-40FB-9BB9-B4BE86E9D6C7} = {8B4AD9D3-30AA-40FB-9BB9-B4BE86E9D6C7}
	EndProjectSection
EndProject
Project("{FAE04EC0-301F-11D3-BF4B-00C04F79EFBC}") = "ASMPTool.Commands", "ASMPTool.Commands\ASMPTool.Commands.csproj", "{8B4AD9D3-30AA-40FB-9BB9-B4BE86E9D6C7}"
EndProject
Project("{2150E333-8FDC-42A3-9474-1A3956D46DE8}") = "Solution Items", "Solution Items", "{63ED84AD-9F0C-4ABD-98F1-D3C9208B8293}"
	ProjectSection(SolutionItems) = preProject
		.editorconfig = .editorconfig
	EndProjectSection
EndProject
Global
	GlobalSection(SolutionConfigurationPlatforms) = preSolution
		Debug|Any CPU = Debug|Any CPU
		Debug|x64 = Debug|x64
		Debug|x86 = Debug|x86
		Release|Any CPU = Release|Any CPU
		Release|x64 = Release|x64
		Release|x86 = Release|x86
	EndGlobalSection
	GlobalSection(ProjectConfigurationPlatforms) = postSolution
		{1691F788-83BE-482B-8166-6A00B0F524E5}.Debug|Any CPU.ActiveCfg = Debug|Any CPU
		{1691F788-83BE-482B-8166-6A00B0F524E5}.Debug|Any CPU.Build.0 = Debug|Any CPU
		{1691F788-83BE-482B-8166-6A00B0F524E5}.Debug|x64.ActiveCfg = Debug|x64
		{1691F788-83BE-482B-8166-6A00B0F524E5}.Debug|x64.Build.0 = Debug|x64
		{1691F788-83BE-482B-8166-6A00B0F524E5}.Debug|x86.ActiveCfg = Debug|Any CPU
		{1691F788-83BE-482B-8166-6A00B0F524E5}.Debug|x86.Build.0 = Debug|Any CPU
		{1691F788-83BE-482B-8166-6A00B0F524E5}.Release|Any CPU.ActiveCfg = Release|Any CPU
		{1691F788-83BE-482B-8166-6A00B0F524E5}.Release|Any CPU.Build.0 = Release|Any CPU
		{1691F788-83BE-482B-8166-6A00B0F524E5}.Release|x64.ActiveCfg = Release|x64
		{1691F788-83BE-482B-8166-6A00B0F524E5}.Release|x64.Build.0 = Release|x64
		{1691F788-83BE-482B-8166-6A00B0F524E5}.Release|x86.ActiveCfg = Release|Any CPU
		{1691F788-83BE-482B-8166-6A00B0F524E5}.Release|x86.Build.0 = Release|Any CPU
		{7217CDEC-296C-4EAB-BB1A-D726DA0014C6}.Debug|Any CPU.ActiveCfg = Debug|Any CPU
		{7217CDEC-296C-4EAB-BB1A-D726DA0014C6}.Debug|Any CPU.Build.0 = Debug|Any CPU
		{7217CDEC-296C-4EAB-BB1A-D726DA0014C6}.Debug|x64.ActiveCfg = Debug|x64
		{7217CDEC-296C-4EAB-BB1A-D726DA0014C6}.Debug|x64.Build.0 = Debug|x64
		{7217CDEC-296C-4EAB-BB1A-D726DA0014C6}.Debug|x86.ActiveCfg = Debug|Any CPU
		{7217CDEC-296C-4EAB-BB1A-D726DA0014C6}.Debug|x86.Build.0 = Debug|Any CPU
		{7217CDEC-296C-4EAB-BB1A-D726DA0014C6}.Release|Any CPU.ActiveCfg = Release|Any CPU
		{7217CDEC-296C-4EAB-BB1A-D726DA0014C6}.Release|Any CPU.Build.0 = Release|Any CPU
		{7217CDEC-296C-4EAB-BB1A-D726DA0014C6}.Release|x64.ActiveCfg = Release|x64
		{7217CDEC-296C-4EAB-BB1A-D726DA0014C6}.Release|x64.Build.0 = Release|x64
		{7217CDEC-296C-4EAB-BB1A-D726DA0014C6}.Release|x86.ActiveCfg = Release|Any CPU
		{7217CDEC-296C-4EAB-BB1A-D726DA0014C6}.Release|x86.Build.0 = Release|Any CPU
		{452DEA03-AED2-4D81-804E-50F8DC26A580}.Debug|Any CPU.ActiveCfg = Debug|Any CPU
		{452DEA03-AED2-4D81-804E-50F8DC26A580}.Debug|Any CPU.Build.0 = Debug|Any CPU
		{452DEA03-AED2-4D81-804E-50F8DC26A580}.Debug|x64.ActiveCfg = Debug|x64
		{452DEA03-AED2-4D81-804E-50F8DC26A580}.Debug|x64.Build.0 = Debug|x64
		{452DEA03-AED2-4D81-804E-50F8DC26A580}.Debug|x86.ActiveCfg = Debug|Any CPU
		{452DEA03-AED2-4D81-804E-50F8DC26A580}.Debug|x86.Build.0 = Debug|Any CPU
		{452DEA03-AED2-4D81-804E-50F8DC26A580}.Release|Any CPU.ActiveCfg = Release|Any CPU
		{452DEA03-AED2-4D81-804E-50F8DC26A580}.Release|Any CPU.Build.0 = Release|Any CPU
		{452DEA03-AED2-4D81-804E-50F8DC26A580}.Release|x64.ActiveCfg = Release|x64
		{452DEA03-AED2-4D81-804E-50F8DC26A580}.Release|x64.Build.0 = Release|x64
		{452DEA03-AED2-4D81-804E-50F8DC26A580}.Release|x86.ActiveCfg = Release|Any CPU
		{452DEA03-AED2-4D81-804E-50F8DC26A580}.Release|x86.Build.0 = Release|Any CPU
		{0B9BE708-4F7A-452D-99CB-C5DB692AFA21}.Debug|Any CPU.ActiveCfg = Debug|Any CPU
		{0B9BE708-4F7A-452D-99CB-C5DB692AFA21}.Debug|Any CPU.Build.0 = Debug|Any CPU
		{0B9BE708-4F7A-452D-99CB-C5DB692AFA21}.Debug|x64.ActiveCfg = Debug|x64
		{0B9BE708-4F7A-452D-99CB-C5DB692AFA21}.Debug|x64.Build.0 = Debug|x64
		{0B9BE708-4F7A-452D-99CB-C5DB692AFA21}.Debug|x86.ActiveCfg = Debug|Any CPU
		{0B9BE708-4F7A-452D-99CB-C5DB692AFA21}.Debug|x86.Build.0 = Debug|Any CPU
		{0B9BE708-4F7A-452D-99CB-C5DB692AFA21}.Release|Any CPU.ActiveCfg = Release|Any CPU
		{0B9BE708-4F7A-452D-99CB-C5DB692AFA21}.Release|Any CPU.Build.0 = Release|Any CPU
		{0B9BE708-4F7A-452D-99CB-C5DB692AFA21}.Release|x64.ActiveCfg = Release|x64
		{0B9BE708-4F7A-452D-99CB-C5DB692AFA21}.Release|x64.Build.0 = Release|x64
		{0B9BE708-4F7A-452D-99CB-C5DB692AFA21}.Release|x86.ActiveCfg = Release|Any CPU
		{0B9BE708-4F7A-452D-99CB-C5DB692AFA21}.Release|x86.Build.0 = Release|Any CPU
		{B1348EBB-8C85-4146-BFFB-2689FE50C9A3}.Debug|Any CPU.ActiveCfg = Debug|Any CPU
		{B1348EBB-8C85-4146-BFFB-2689FE50C9A3}.Debug|Any CPU.Build.0 = Debug|Any CPU
		{B1348EBB-8C85-4146-BFFB-2689FE50C9A3}.Debug|x64.ActiveCfg = Debug|x64
		{B1348EBB-8C85-4146-BFFB-2689FE50C9A3}.Debug|x64.Build.0 = Debug|x64
		{B1348EBB-8C85-4146-BFFB-2689FE50C9A3}.Debug|x86.ActiveCfg = Debug|Any CPU
		{B1348EBB-8C85-4146-BFFB-2689FE50C9A3}.Debug|x86.Build.0 = Debug|Any CPU
		{B1348EBB-8C85-4146-BFFB-2689FE50C9A3}.Release|Any CPU.ActiveCfg = Release|Any CPU
		{B1348EBB-8C85-4146-BFFB-2689FE50C9A3}.Release|Any CPU.Build.0 = Release|Any CPU
		{B1348EBB-8C85-4146-BFFB-2689FE50C9A3}.Release|x64.ActiveCfg = Release|x64
		{B1348EBB-8C85-4146-BFFB-2689FE50C9A3}.Release|x64.Build.0 = Release|x64
		{B1348EBB-8C85-4146-BFFB-2689FE50C9A3}.Release|x86.ActiveCfg = Release|Any CPU
		{B1348EBB-8C85-4146-BFFB-2689FE50C9A3}.Release|x86.Build.0 = Release|Any CPU
		{8B4AD9D3-30AA-40FB-9BB9-B4BE86E9D6C7}.Debug|Any CPU.ActiveCfg = Debug|Any CPU
		{8B4AD9D3-30AA-40FB-9BB9-B4BE86E9D6C7}.Debug|Any CPU.Build.0 = Debug|Any CPU
		{8B4AD9D3-30AA-40FB-9BB9-B4BE86E9D6C7}.Debug|x64.ActiveCfg = Debug|Any CPU
		{8B4AD9D3-30AA-40FB-9BB9-B4BE86E9D6C7}.Debug|x64.Build.0 = Debug|Any CPU
		{8B4AD9D3-30AA-40FB-9BB9-B4BE86E9D6C7}.Debug|x86.ActiveCfg = Debug|Any CPU
		{8B4AD9D3-30AA-40FB-9BB9-B4BE86E9D6C7}.Debug|x86.Build.0 = Debug|Any CPU
		{8B4AD9D3-30AA-40FB-9BB9-B4BE86E9D6C7}.Release|Any CPU.ActiveCfg = Release|Any CPU
		{8B4AD9D3-30AA-40FB-9BB9-B4BE86E9D6C7}.Release|Any CPU.Build.0 = Release|Any CPU
		{8B4AD9D3-30AA-40FB-9BB9-B4BE86E9D6C7}.Release|x64.ActiveCfg = Release|Any CPU
		{8B4AD9D3-30AA-40FB-9BB9-B4BE86E9D6C7}.Release|x64.Build.0 = Release|Any CPU
		{8B4AD9D3-30AA-40FB-9BB9-B4BE86E9D6C7}.Release|x86.ActiveCfg = Release|Any CPU
		{8B4AD9D3-30AA-40FB-9BB9-B4BE86E9D6C7}.Release|x86.Build.0 = Release|Any CPU
	EndGlobalSection
	GlobalSection(SolutionProperties) = preSolution
		HideSolutionNode = FALSE
	EndGlobalSection
	GlobalSection(ExtensibilityGlobals) = postSolution
		SolutionGuid = {C3F5F147-004C-419B-903A-331CA1F3759E}
	EndGlobalSection
EndGlobal
